PODS:
  - Flutter (1.0.0)
  - flutter_map_arcgis (0.0.1):
    - Flutter

DEPENDENCIES:
  - Flutter (from `Flutter`)
  - flutter_map_arcgis (from `.symlinks/plugins/flutter_map_arcgis/ios`)

EXTERNAL SOURCES:
  Flutter:
    :path: Flutter
  flutter_map_arcgis:
    :path: ".symlinks/plugins/flutter_map_arcgis/ios"

SPEC CHECKSUMS:
  Flutter: f04841e97a9d0b0a8025694d0796dd46242b2854
  flutter_map_arcgis: 77120a3ecdc4c415923de1ed9ccb43a064e7da34

PODFILE CHECKSUM: 70d9d25280d0dd177a5f637cdb0f0b0b12c6a189

COCOAPODS: 1.14.3
